
Microsoft Visual Studio Solution File, Format Version 12.00
# Visual Studio Version 17
VisualStudioVersion = 17.0.32112.339
MinimumVisualStudioVersion = 10.0.40219.1
Project("{FAE04EC0-301F-11D3-BF4B-00C04F79EFBC}") = "GITHUB", "GITHUB\GITHUB.csproj", "{D8B0D342-1D45-412F-8362-67054465F6EC}"
EndProject
Global
	GlobalSection(SolutionConfigurationPlatforms) = preSolution
		Debug|Any CPU = Debug|Any CPU
		Release|Any CPU = Release|Any CPU
	EndGlobalSection
	GlobalSection(ProjectConfigurationPlatforms) = postSolution
		{D8B0D342-1D45-412F-8362-67054465F6EC}.Debug|Any CPU.ActiveCfg = Debug|Any CPU
		{D8B0D342-1D45-412F-8362-67054465F6EC}.Debug|Any CPU.Build.0 = Debug|Any CPU
		{D8B0D342-1D45-412F-8362-67054465F6EC}.Release|Any CPU.ActiveCfg = Release|Any CPU
		{D8B0D342-1D45-412F-8362-67054465F6EC}.Release|Any CPU.Build.0 = Release|Any CPU
	EndGlobalSection
	GlobalSection(SolutionProperties) = preSolution
		HideSolutionNode = FALSE
	EndGlobalSection
	GlobalSection(ExtensibilityGlobals) = postSolution
		SolutionGuid = {2FCC47A4-E309-4076-BCA4-4CEFD2BE3351}
	EndGlobalSection
EndGlobal
